
Microsoft Visual Studio Solution File, Format Version 12.00
# Visual Studio Version 16
VisualStudioVersion = 16.0.29318.209
MinimumVisualStudioVersion = 10.0.40219.1
Project("{9A19103F-16F7-4668-BE54-9A1E7A4F7556}") = "TLTCImport", "TLTCImport\TLTCImport.csproj", "{56DD6E77-5527-41F8-A247-DC07DF358E7C}"
EndProject
Project("{FAE04EC0-301F-11D3-BF4B-00C04F79EFBC}") = "ExcelToXml", "ExcelToXml\ExcelToXml.csproj", "{7A5028EA-D6F8-4C40-96E5-45168B63D2B4}"
EndProject
Global
	GlobalSection(SolutionConfigurationPlatforms) = preSolution
		Debug_Local|Any CPU = Debug_Local|Any CPU
		Debug|Any CPU = Debug|Any CPU
		Release|Any CPU = Release|Any CPU
	EndGlobalSection
	GlobalSection(ProjectConfigurationPlatforms) = postSolution
		{56DD6E77-5527-41F8-A247-DC07DF358E7C}.Debug_Local|Any CPU.ActiveCfg = Debug_Local|Any CPU
		{56DD6E77-5527-41F8-A247-DC07DF358E7C}.Debug_Local|Any CPU.Build.0 = Debug_Local|Any CPU
		{56DD6E77-5527-41F8-A247-DC07DF358E7C}.Debug|Any CPU.ActiveCfg = Debug|Any CPU
		{56DD6E77-5527-41F8-A247-DC07DF358E7C}.Debug|Any CPU.Build.0 = Debug|Any CPU
		{56DD6E77-5527-41F8-A247-DC07DF358E7C}.Release|Any CPU.ActiveCfg = Release|Any CPU
		{56DD6E77-5527-41F8-A247-DC07DF358E7C}.Release|Any CPU.Build.0 = Release|Any CPU
		{7A5028EA-D6F8-4C40-96E5-45168B63D2B4}.Debug_Local|Any CPU.ActiveCfg = Debug|Any CPU
		{7A5028EA-D6F8-4C40-96E5-45168B63D2B4}.Debug_Local|Any CPU.Build.0 = Debug|Any CPU
		{7A5028EA-D6F8-4C40-96E5-45168B63D2B4}.Debug|Any CPU.ActiveCfg = Debug|Any CPU
		{7A5028EA-D6F8-4C40-96E5-45168B63D2B4}.Debug|Any CPU.Build.0 = Debug|Any CPU
		{7A5028EA-D6F8-4C40-96E5-45168B63D2B4}.Release|Any CPU.ActiveCfg = Release|Any CPU
		{7A5028EA-D6F8-4C40-96E5-45168B63D2B4}.Release|Any CPU.Build.0 = Release|Any CPU
	EndGlobalSection
	GlobalSection(SolutionProperties) = preSolution
		HideSolutionNode = FALSE
	EndGlobalSection
	GlobalSection(ExtensibilityGlobals) = postSolution
		SolutionGuid = {ECB002E6-E213-43B9-BB38-F3A932FD9430}
	EndGlobalSection
EndGlobal
